// !$*UTF8*$!
{
	archiveVersion = 1;
	classes = {
	};
	objectVersion = 48;
	objects = {

/* Begin PBXBuildFile section */
		60C56FA81FF54BC400CBA567 /* snakeTail.scn in Resources */ = {isa = PBXBuildFile; fileRef = 60C56F9D1FF54BC300CBA567 /* snakeTail.scn */; };
		60C56FA91FF54BC400CBA567 /* snakeBody.scn in Resources */ = {isa = PBXBuildFile; fileRef = 60C56F9E1FF54BC300CBA567 /* snakeBody.scn */; };
		60C56FAB1FF54BC400CBA567 /* worldScene.scn in Resources */ = {isa = PBXBuildFile; fileRef = 60C56FA01FF54BC300CBA567 /* worldScene.scn */; };
		60C56FAF1FF54BC400CBA567 /* snakeHead.scn in Resources */ = {isa = PBXBuildFile; fileRef = 60C56FA41FF54BC400CBA567 /* snakeHead.scn */; };
		60C56FB21FF5531400CBA567 /* arscene.scn in Resources */ = {isa = PBXBuildFile; fileRef = 60C56FB11FF5531300CBA567 /* arscene.scn */; };
		60C5B8381FE7E4DB00EADEBA /* AppDelegate.swift in Sources */ = {isa = PBXBuildFile; fileRef = 60C5B8371FE7E4DB00EADEBA /* AppDelegate.swift */; };
		60C5B83C1FE7E4DB00EADEBA /* ViewController.swift in Sources */ = {isa = PBXBuildFile; fileRef = 60C5B83B1FE7E4DB00EADEBA /* ViewController.swift */; };
		60C5B8411FE7E4DB00EADEBA /* Assets.xcassets in Resources */ = {isa = PBXBuildFile; fileRef = 60C5B8401FE7E4DB00EADEBA /* Assets.xcassets */; };
		60C5B8441FE7E4DB00EADEBA /* LaunchScreen.storyboard in Resources */ = {isa = PBXBuildFile; fileRef = 60C5B8421FE7E4DB00EADEBA /* LaunchScreen.storyboard */; };
		60C5B8521FE7E74B00EADEBA /* Snake.swift in Sources */ = {isa = PBXBuildFile; fileRef = 60C5B8511FE7E74B00EADEBA /* Snake.swift */; };
		60C5B8541FE7E76500EADEBA /* Game.swift in Sources */ = {isa = PBXBuildFile; fileRef = 60C5B8531FE7E76500EADEBA /* Game.swift */; };
		60C5B8561FE7E93D00EADEBA /* SnakePart.swift in Sources */ = {isa = PBXBuildFile; fileRef = 60C5B8551FE7E93D00EADEBA /* SnakePart.swift */; };
		60C5B8581FE7F88800EADEBA /* HorizontalPlane.swift in Sources */ = {isa = PBXBuildFile; fileRef = 60C5B8571FE7F88800EADEBA /* HorizontalPlane.swift */; };
		60C5B85A1FE7FEA600EADEBA /* Main.storyboard in Resources */ = {isa = PBXBuildFile; fileRef = 60C5B8591FE7FEA600EADEBA /* Main.storyboard */; };
		60DD6F191FFBF5B7000EA043 /* Food.swift in Sources */ = {isa = PBXBuildFile; fileRef = 60DD6F181FFBF5B7000EA043 /* Food.swift */; };
/* End PBXBuildFile section */

/* Begin PBXFileReference section */
		60C56F9D1FF54BC300CBA567 /* snakeTail.scn */ = {isa = PBXFileReference; lastKnownFileType = file.bplist; path = snakeTail.scn; sourceTree = "<group>"; };
		60C56F9E1FF54BC300CBA567 /* snakeBody.scn */ = {isa = PBXFileReference; lastKnownFileType = file.bplist; path = snakeBody.scn; sourceTree = "<group>"; };
		60C56FA01FF54BC300CBA567 /* worldScene.scn */ = {isa = PBXFileReference; lastKnownFileType = file.bplist; path = worldScene.scn; sourceTree = "<group>"; };
		60C56FA41FF54BC400CBA567 /* snakeHead.scn */ = {isa = PBXFileReference; lastKnownFileType = file.bplist; path = snakeHead.scn; sourceTree = "<group>"; };
		60C56FB11FF5531300CBA567 /* arscene.scn */ = {isa = PBXFileReference; lastKnownFileType = file.bplist; path = arscene.scn; sourceTree = "<group>"; };
		60C5B8341FE7E4DB00EADEBA /* Snake.app */ = {isa = PBXFileReference; explicitFileType = wrapper.application; includeInIndex = 0; path = Snake.app; sourceTree = BUILT_PRODUCTS_DIR; };
		60C5B8371FE7E4DB00EADEBA /* AppDelegate.swift */ = {isa = PBXFileReference; lastKnownFileType = sourcecode.swift; path = AppDelegate.swift; sourceTree = "<group>"; };
		60C5B83B1FE7E4DB00EADEBA /* ViewController.swift */ = {isa = PBXFileReference; lastKnownFileType = sourcecode.swift; path = ViewController.swift; sourceTree = "<group>"; };
		60C5B8401FE7E4DB00EADEBA /* Assets.xcassets */ = {isa = PBXFileReference; lastKnownFileType = folder.assetcatalog; path = Assets.xcassets; sourceTree = "<group>"; };
		60C5B8431FE7E4DB00EADEBA /* Base */ = {isa = PBXFileReference; lastKnownFileType = file.storyboard; name = Base; path = Base.lproj/LaunchScreen.storyboard; sourceTree = "<group>"; };
		60C5B8451FE7E4DB00EADEBA /* Info.plist */ = {isa = PBXFileReference; lastKnownFileType = text.plist.xml; path = Info.plist; sourceTree = "<group>"; };
		60C5B8511FE7E74B00EADEBA /* Snake.swift */ = {isa = PBXFileReference; lastKnownFileType = sourcecode.swift; path = Snake.swift; sourceTree = "<group>"; };
		60C5B8531FE7E76500EADEBA /* Game.swift */ = {isa = PBXFileReference; lastKnownFileType = sourcecode.swift; path = Game.swift; sourceTree = "<group>"; };
		60C5B8551FE7E93D00EADEBA /* SnakePart.swift */ = {isa = PBXFileReference; lastKnownFileType = sourcecode.swift; path = SnakePart.swift; sourceTree = "<group>"; };
		60C5B8571FE7F88800EADEBA /* HorizontalPlane.swift */ = {isa = PBXFileReference; lastKnownFileType = sourcecode.swift; path = HorizontalPlane.swift; sourceTree = "<group>"; };
		60C5B8591FE7FEA600EADEBA /* Main.storyboard */ = {isa = PBXFileReference; lastKnownFileType = file.storyboard; path = Main.storyboard; sourceTree = "<group>"; };
		60DD6F181FFBF5B7000EA043 /* Food.swift */ = {isa = PBXFileReference; lastKnownFileType = sourcecode.swift; path = Food.swift; sourceTree = "<group>"; };
/* End PBXFileReference section */

/* Begin PBXFrameworksBuildPhase section */
		60C5B8311FE7E4DB00EADEBA /* Frameworks */ = {
			isa = PBXFrameworksBuildPhase;
			buildActionMask = 2147483647;
			files = (
			);
			runOnlyForDeploymentPostprocessing = 0;
		};
/* End PBXFrameworksBuildPhase section */

/* Begin PBXGroup section */
		60C5B82B1FE7E4DB00EADEBA = {
			isa = PBXGroup;
			children = (
				60C5B8361FE7E4DB00EADEBA /* Snake */,
				60C5B8351FE7E4DB00EADEBA /* Products */,
			);
			sourceTree = "<group>";
		};
		60C5B8351FE7E4DB00EADEBA /* Products */ = {
			isa = PBXGroup;
			children = (
				60C5B8341FE7E4DB00EADEBA /* Snake.app */,
			);
			name = Products;
			sourceTree = "<group>";
		};
		60C5B8361FE7E4DB00EADEBA /* Snake */ = {
			isa = PBXGroup;
			children = (
				60C5B8731FE80B0F00EADEBA /* Assets */,
				60C5B84E1FE7E5E400EADEBA /* Controllers */,
				60C5B84D1FE7E5DF00EADEBA /* Views */,
				60C5B84B1FE7E5CE00EADEBA /* Models */,
				60C5B8371FE7E4DB00EADEBA /* AppDelegate.swift */,
				60C5B8451FE7E4DB00EADEBA /* Info.plist */,
			);
			path = Snake;
			sourceTree = "<group>";
		};
		60C5B84B1FE7E5CE00EADEBA /* Models */ = {
			isa = PBXGroup;
			children = (
				60C5B8511FE7E74B00EADEBA /* Snake.swift */,
				60C5B8531FE7E76500EADEBA /* Game.swift */,
				60C5B8551FE7E93D00EADEBA /* SnakePart.swift */,
				60C5B8571FE7F88800EADEBA /* HorizontalPlane.swift */,
				60DD6F181FFBF5B7000EA043 /* Food.swift */,
			);
			path = Models;
			sourceTree = "<group>";
		};
		60C5B84D1FE7E5DF00EADEBA /* Views */ = {
			isa = PBXGroup;
			children = (
				60C5B8421FE7E4DB00EADEBA /* LaunchScreen.storyboard */,
				60C5B8591FE7FEA600EADEBA /* Main.storyboard */,
			);
			path = Views;
			sourceTree = "<group>";
		};
		60C5B84E1FE7E5E400EADEBA /* Controllers */ = {
			isa = PBXGroup;
			children = (
				60C5B83B1FE7E4DB00EADEBA /* ViewController.swift */,
			);
			path = Controllers;
			sourceTree = "<group>";
		};
		60C5B8731FE80B0F00EADEBA /* Assets */ = {
			isa = PBXGroup;
			children = (
				60C56FB11FF5531300CBA567 /* arscene.scn */,
				60C56F9E1FF54BC300CBA567 /* snakeBody.scn */,
				60C56FA41FF54BC400CBA567 /* snakeHead.scn */,
				60C56F9D1FF54BC300CBA567 /* snakeTail.scn */,
				60C56FA01FF54BC300CBA567 /* worldScene.scn */,
				60C5B8401FE7E4DB00EADEBA /* Assets.xcassets */,
			);
			path = Assets;
			sourceTree = "<group>";
		};
/* End PBXGroup section */

/* Begin PBXNativeTarget section */
		60C5B8331FE7E4DB00EADEBA /* Snake */ = {
			isa = PBXNativeTarget;
			buildConfigurationList = 60C5B8481FE7E4DB00EADEBA /* Build configuration list for PBXNativeTarget "Snake" */;
			buildPhases = (
				60C5B8301FE7E4DB00EADEBA /* Sources */,
				60C5B8311FE7E4DB00EADEBA /* Frameworks */,
				60C5B8321FE7E4DB00EADEBA /* Resources */,
			);
			buildRules = (
			);
			dependencies = (
			);
			name = Snake;
			productName = Snake;
			productReference = 60C5B8341FE7E4DB00EADEBA /* Snake.app */;
			productType = "com.apple.product-type.application";
		};
/* End PBXNativeTarget section */

/* Begin PBXProject section */
		60C5B82C1FE7E4DB00EADEBA /* Project object */ = {
			isa = PBXProject;
			attributes = {
				LastSwiftUpdateCheck = 0920;
				LastUpgradeCheck = 0920;
				ORGANIZATIONNAME = "Onur Celik";
				TargetAttributes = {
					60C5B8331FE7E4DB00EADEBA = {
						CreatedOnToolsVersion = 9.2;
						ProvisioningStyle = Automatic;
					};
				};
			};
			buildConfigurationList = 60C5B82F1FE7E4DB00EADEBA /* Build configuration list for PBXProject "Snake" */;
			compatibilityVersion = "Xcode 8.0";
			developmentRegion = en;
			hasScannedForEncodings = 0;
			knownRegions = (
				en,
				Base,
			);
			mainGroup = 60C5B82B1FE7E4DB00EADEBA;
			productRefGroup = 60C5B8351FE7E4DB00EADEBA /* Products */;
			projectDirPath = "";
			projectRoot = "";
			targets = (
				60C5B8331FE7E4DB00EADEBA /* Snake */,
			);
		};
/* End PBXProject section */

/* Begin PBXResourcesBuildPhase section */
		60C5B8321FE7E4DB00EADEBA /* Resources */ = {
			isa = PBXResourcesBuildPhase;
			buildActionMask = 2147483647;
			files = (
				60C56FAB1FF54BC400CBA567 /* worldScene.scn in Resources */,
				60C5B8441FE7E4DB00EADEBA /* LaunchScreen.storyboard in Resources */,
				60C56FAF1FF54BC400CBA567 /* snakeHead.scn in Resources */,
				60C5B8411FE7E4DB00EADEBA /* Assets.xcassets in Resources */,
				60C5B85A1FE7FEA600EADEBA /* Main.storyboard in Resources */,
				60C56FA81FF54BC400CBA567 /* snakeTail.scn in Resources */,
				60C56FA91FF54BC400CBA567 /* snakeBody.scn in Resources */,
				60C56FB21FF5531400CBA567 /* arscene.scn in Resources */,
			);
			runOnlyForDeploymentPostprocessing = 0;
		};
/* End PBXResourcesBuildPhase section */

/* Begin PBXSourcesBuildPhase section */
		60C5B8301FE7E4DB00EADEBA /* Sources */ = {
			isa = PBXSourcesBuildPhase;
			buildActionMask = 2147483647;
			files = (
				60C5B8521FE7E74B00EADEBA /* Snake.swift in Sources */,
				60C5B8541FE7E76500EADEBA /* Game.swift in Sources */,
				60C5B8561FE7E93D00EADEBA /* SnakePart.swift in Sources */,
				60C5B83C1FE7E4DB00EADEBA /* ViewController.swift in Sources */,
				60DD6F191FFBF5B7000EA043 /* Food.swift in Sources */,
				60C5B8581FE7F88800EADEBA /* HorizontalPlane.swift in Sources */,
				60C5B8381FE7E4DB00EADEBA /* AppDelegate.swift in Sources */,
			);
			runOnlyForDeploymentPostprocessing = 0;
		};
/* End PBXSourcesBuildPhase section */

/* Begin PBXVariantGroup section */
		60C5B8421FE7E4DB00EADEBA /* LaunchScreen.storyboard */ = {
			isa = PBXVariantGroup;
			children = (
				60C5B8431FE7E4DB00EADEBA /* Base */,
			);
			name = LaunchScreen.storyboard;
			sourceTree = "<group>";
		};
/* End PBXVariantGroup section */

/* Begin XCBuildConfiguration section */
		60C5B8461FE7E4DB00EADEBA /* Debug */ = {
			isa = XCBuildConfiguration;
			buildSettings = {
				ALWAYS_SEARCH_USER_PATHS = NO;
				CLANG_ANALYZER_NONNULL = YES;
				CLANG_ANALYZER_NUMBER_OBJECT_CONVERSION = YES_AGGRESSIVE;
				CLANG_CXX_LANGUAGE_STANDARD = "gnu++14";
				CLANG_CXX_LIBRARY = "libc++";
				CLANG_ENABLE_MODULES = YES;
				CLANG_ENABLE_OBJC_ARC = YES;
				CLANG_WARN_BLOCK_CAPTURE_AUTORELEASING = YES;
				CLANG_WARN_BOOL_CONVERSION = YES;
				CLANG_WARN_COMMA = YES;
				CLANG_WARN_CONSTANT_CONVERSION = YES;
				CLANG_WARN_DIRECT_OBJC_ISA_USAGE = YES_ERROR;
				CLANG_WARN_DOCUMENTATION_COMMENTS = YES;
				CLANG_WARN_EMPTY_BODY = YES;
				CLANG_WARN_ENUM_CONVERSION = YES;
				CLANG_WARN_INFINITE_RECURSION = YES;
				CLANG_WARN_INT_CONVERSION = YES;
				CLANG_WARN_NON_LITERAL_NULL_CONVERSION = YES;
				CLANG_WARN_OBJC_LITERAL_CONVERSION = YES;
				CLANG_WARN_OBJC_ROOT_CLASS = YES_ERROR;
				CLANG_WARN_RANGE_LOOP_ANALYSIS = YES;
				CLANG_WARN_STRICT_PROTOTYPES = YES;
				CLANG_WARN_SUSPICIOUS_MOVE = YES;
				CLANG_WARN_UNGUARDED_AVAILABILITY = YES_AGGRESSIVE;
				CLANG_WARN_UNREACHABLE_CODE = YES;
				CLANG_WARN__DUPLICATE_METHOD_MATCH = YES;
				CODE_SIGN_IDENTITY = "iPhone Developer";
				COPY_PHASE_STRIP = NO;
				DEBUG_INFORMATION_FORMAT = dwarf;
				ENABLE_STRICT_OBJC_MSGSEND = YES;
				ENABLE_TESTABILITY = YES;
				GCC_C_LANGUAGE_STANDARD = gnu11;
				GCC_DYNAMIC_NO_PIC = NO;
				GCC_NO_COMMON_BLOCKS = YES;
				GCC_OPTIMIZATION_LEVEL = 0;
				GCC_PREPROCESSOR_DEFINITIONS = (
					"DEBUG=1",
					"$(inherited)",
				);
				GCC_WARN_64_TO_32_BIT_CONVERSION = YES;
				GCC_WARN_ABOUT_RETURN_TYPE = YES_ERROR;
				GCC_WARN_UNDECLARED_SELECTOR = YES;
				GCC_WARN_UNINITIALIZED_AUTOS = YES_AGGRESSIVE;
				GCC_WARN_UNUSED_FUNCTION = YES;
				GCC_WARN_UNUSED_VARIABLE = YES;
				IPHONEOS_DEPLOYMENT_TARGET = 11.2;
				MTL_ENABLE_DEBUG_INFO = NO;
				ONLY_ACTIVE_ARCH = YES;
				SDKROOT = iphoneos;
				SWIFT_ACTIVE_COMPILATION_CONDITIONS = DEBUG;
				SWIFT_OPTIMIZATION_LEVEL = "-Onone";
			};
			name = Debug;
		};
		60C5B8471FE7E4DB00EADEBA /* Release */ = {
			isa = XCBuildConfiguration;
			buildSettings = {
				ALWAYS_SEARCH_USER_PATHS = NO;
				CLANG_ANALYZER_NONNULL = YES;
				CLANG_ANALYZER_NUMBER_OBJECT_CONVERSION = YES_AGGRESSIVE;
				CLANG_CXX_LANGUAGE_STANDARD = "gnu++14";
				CLANG_CXX_LIBRARY = "libc++";
				CLANG_ENABLE_MODULES = YES;
				CLANG_ENABLE_OBJC_ARC = YES;
				CLANG_WARN_BLOCK_CAPTURE_AUTORELEASING = YES;
				CLANG_WARN_BOOL_CONVERSION = YES;
				CLANG_WARN_COMMA = YES;
				CLANG_WARN_CONSTANT_CONVERSION = YES;
				CLANG_WARN_DIRECT_OBJC_ISA_USAGE = YES_ERROR;
				CLANG_WARN_DOCUMENTATION_COMMENTS = YES;
				CLANG_WARN_EMPTY_BODY = YES;
				CLANG_WARN_ENUM_CONVERSION = YES;
				CLANG_WARN_INFINITE_RECURSION = YES;
				CLANG_WARN_INT_CONVERSION = YES;
				CLANG_WARN_NON_LITERAL_NULL_CONVERSION = YES;
				CLANG_WARN_OBJC_LITERAL_CONVERSION = YES;
				CLANG_WARN_OBJC_ROOT_CLASS = YES_ERROR;
				CLANG_WARN_RANGE_LOOP_ANALYSIS = YES;
				CLANG_WARN_STRICT_PROTOTYPES = YES;
				CLANG_WARN_SUSPICIOUS_MOVE = YES;
				CLANG_WARN_UNGUARDED_AVAILABILITY = YES_AGGRESSIVE;
				CLANG_WARN_UNREACHABLE_CODE = YES;
				CLANG_WARN__DUPLICATE_METHOD_MATCH = YES;
				CODE_SIGN_IDENTITY = "iPhone Developer";
				COPY_PHASE_STRIP = NO;
				DEBUG_INFORMATION_FORMAT = "dwarf-with-dsym";
				ENABLE_NS_ASSERTIONS = NO;
				ENABLE_STRICT_OBJC_MSGSEND = YES;
				GCC_C_LANGUAGE_STANDARD = gnu11;
				GCC_NO_COMMON_BLOCKS = YES;
				GCC_WARN_64_TO_32_BIT_CONVERSION = YES;
				GCC_WARN_ABOUT_RETURN_TYPE = YES_ERROR;
				GCC_WARN_UNDECLARED_SELECTOR = YES;
				GCC_WARN_UNINITIALIZED_AUTOS = YES_AGGRESSIVE;
				GCC_WARN_UNUSED_FUNCTION = YES;
				GCC_WARN_UNUSED_VARIABLE = YES;
				IPHONEOS_DEPLOYMENT_TARGET = 11.2;
				MTL_ENABLE_DEBUG_INFO = NO;
				SDKROOT = iphoneos;
				SWIFT_OPTIMIZATION_LEVEL = "-Owholemodule";
				VALIDATE_PRODUCT = YES;
			};
			name = Release;
		};
		60C5B8491FE7E4DB00EADEBA /* Debug */ = {
			isa = XCBuildConfiguration;
			buildSettings = {
				ASSETCATALOG_COMPILER_APPICON_NAME = AppIcon;
				CODE_SIGN_STYLE = Automatic;
				DEVELOPMENT_TEAM = Y9BJGDH56U;
				INFOPLIST_FILE = Snake/Info.plist;
				LD_RUNPATH_SEARCH_PATHS = "$(inherited) @executable_path/Frameworks";
				PRODUCT_BUNDLE_IDENTIFIER = com.ersinyildiz.Snake;
				PRODUCT_NAME = "$(TARGET_NAME)";
				SWIFT_VERSION = 4.0;
				TARGETED_DEVICE_FAMILY = "1,2";
			};
			name = Debug;
		};
		60C5B84A1FE7E4DB00EADEBA /* Release */ = {
			isa = XCBuildConfiguration;
			buildSettings = {
				ASSETCATALOG_COMPILER_APPICON_NAME = AppIcon;
				CODE_SIGN_STYLE = Automatic;
				DEVELOPMENT_TEAM = Y9BJGDH56U;
				INFOPLIST_FILE = Snake/Info.plist;
				LD_RUNPATH_SEARCH_PATHS = "$(inherited) @executable_path/Frameworks";
				PRODUCT_BUNDLE_IDENTIFIER = com.ersinyildiz.Snake;
				PRODUCT_NAME = "$(TARGET_NAME)";
				SWIFT_VERSION = 4.0;
				TARGETED_DEVICE_FAMILY = "1,2";
			};
			name = Release;
		};
/* End XCBuildConfiguration section */

/* Begin XCConfigurationList section */
		60C5B82F1FE7E4DB00EADEBA /* Build configuration list for PBXProject "Snake" */ = {
			isa = XCConfigurationList;
			buildConfigurations = (
				60C5B8461FE7E4DB00EADEBA /* Debug */,
				60C5B8471FE7E4DB00EADEBA /* Release */,
			);
			defaultConfigurationIsVisible = 0;
			defaultConfigurationName = Release;
		};
		60C5B8481FE7E4DB00EADEBA /* Build configuration list for PBXNativeTarget "Snake" */ = {
			isa = XCConfigurationList;
			buildConfigurations = (
				60C5B8491FE7E4DB00EADEBA /* Debug */,
				60C5B84A1FE7E4DB00EADEBA /* Release */,
			);
			defaultConfigurationIsVisible = 0;
			defaultConfigurationName = Release;
		};
/* End XCConfigurationList section */
	};
	rootObject = 60C5B82C1FE7E4DB00EADEBA /* Project object */;
}
